// !$*UTF8*$!
{
	archiveVersion = 1;
	classes = {
	};
	objectVersion = 77;
	objects = {

/* Begin PBXBuildFile section */
		1400331B2F3DF27800716E4C /* libcapstone.a in Frameworks */ = {isa = PBXBuildFile; fileRef = 140032FF2F3DF1C100716E4C /* libcapstone.a */; };
		140033282F3DF32800716E4C /* libsimplePatchFinder.dylib in Frameworks */ = {isa = PBXBuildFile; fileRef = 140033062F3DF24C00716E4C /* libsimplePatchFinder.dylib */; };
		140033292F3DF32800716E4C /* libsimplePatchFinder.dylib in Embed Libraries */ = {isa = PBXBuildFile; fileRef = 140033062F3DF24C00716E4C /* libsimplePatchFinder.dylib */; settings = {ATTRIBUTES = (CodeSignOnCopy, ); }; };
/* End PBXBuildFile section */

/* Begin PBXContainerItemProxy section */
		1400332A2F3DF32800716E4C /* PBXContainerItemProxy */ = {
			isa = PBXContainerItemProxy;
			containerPortal = 148AEF292F3B58A500EC836E /* Project object */;
			proxyType = 1;
			remoteGlobalIDString = 140033052F3DF24C00716E4C;
			remoteInfo = simplePatchFinder;
		};
/* End PBXContainerItemProxy section */

/* Begin PBXCopyFilesBuildPhase section */
		1400331E2F3DF2D100716E4C /* CopyFiles */ = {
			isa = PBXCopyFilesBuildPhase;
			buildActionMask = 2147483647;
			dstPath = /usr/share/man/man1/;
			dstSubfolderSpec = 0;
			files = (
			);
			runOnlyForDeploymentPostprocessing = 1;
		};
		1400332C2F3DF32800716E4C /* Embed Libraries */ = {
			isa = PBXCopyFilesBuildPhase;
			buildActionMask = 2147483647;
			dstPath = "";
			dstSubfolderSpec = 10;
			files = (
				140033292F3DF32800716E4C /* libsimplePatchFinder.dylib in Embed Libraries */,
			);
			name = "Embed Libraries";
			runOnlyForDeploymentPostprocessing = 0;
		};
/* End PBXCopyFilesBuildPhase section */

/* Begin PBXFileReference section */
		140032FF2F3DF1C100716E4C /* libcapstone.a */ = {isa = PBXFileReference; lastKnownFileType = archive.ar; name = libcapstone.a; path = ../../../../../../.nofollow/usr/local/lib/libcapstone.a; sourceTree = "<group>"; };
		140033062F3DF24C00716E4C /* libsimplePatchFinder.dylib */ = {isa = PBXFileReference; explicitFileType = "compiled.mach-o.dylib"; includeInIndex = 0; path = libsimplePatchFinder.dylib; sourceTree = BUILT_PRODUCTS_DIR; };
		140033202F3DF2D100716E4C /* simplePatchFinder-Test */ = {isa = PBXFileReference; explicitFileType = "compiled.mach-o.executable"; includeInIndex = 0; path = "simplePatchFinder-Test"; sourceTree = BUILT_PRODUCTS_DIR; };
/* End PBXFileReference section */

/* Begin PBXFileSystemSynchronizedBuildFileExceptionSet section */
		1400331A2F3DF26300716E4C /* Exceptions for "simplePatchFinder" folder in "simplePatchFinder" target */ = {
			isa = PBXFileSystemSynchronizedBuildFileExceptionSet;
			membershipExceptions = (
				simplePatchFinder.cpp,
			);
			target = 140033052F3DF24C00716E4C /* simplePatchFinder */;
		};
/* End PBXFileSystemSynchronizedBuildFileExceptionSet section */

/* Begin PBXFileSystemSynchronizedRootGroup section */
		140033212F3DF2D100716E4C /* simplePatchFinder-Test */ = {
			isa = PBXFileSystemSynchronizedRootGroup;
			path = "simplePatchFinder-Test";
			sourceTree = "<group>";
		};
		148AEF332F3B58A500EC836E /* simplePatchFinder */ = {
			isa = PBXFileSystemSynchronizedRootGroup;
			exceptions = (
				1400331A2F3DF26300716E4C /* Exceptions for "simplePatchFinder" folder in "simplePatchFinder" target */,
			);
			path = simplePatchFinder;
			sourceTree = "<group>";
		};
/* End PBXFileSystemSynchronizedRootGroup section */

/* Begin PBXFrameworksBuildPhase section */
		140033042F3DF24C00716E4C /* Frameworks */ = {
			isa = PBXFrameworksBuildPhase;
			buildActionMask = 2147483647;
			files = (
				1400331B2F3DF27800716E4C /* libcapstone.a in Frameworks */,
			);
			runOnlyForDeploymentPostprocessing = 0;
		};
		1400331D2F3DF2D100716E4C /* Frameworks */ = {
			isa = PBXFrameworksBuildPhase;
			buildActionMask = 2147483647;
			files = (
				140033282F3DF32800716E4C /* libsimplePatchFinder.dylib in Frameworks */,
			);
			runOnlyForDeploymentPostprocessing = 0;
		};
/* End PBXFrameworksBuildPhase section */

/* Begin PBXGroup section */
		148AEF282F3B58A500EC836E = {
			isa = PBXGroup;
			children = (
				148AEF332F3B58A500EC836E /* simplePatchFinder */,
				140033212F3DF2D100716E4C /* simplePatchFinder-Test */,
				148AEF3F2F3B67F400EC836E /* Frameworks */,
				148AEF322F3B58A500EC836E /* Products */,
			);
			sourceTree = "<group>";
		};
		148AEF322F3B58A500EC836E /* Products */ = {
			isa = PBXGroup;
			children = (
				140033062F3DF24C00716E4C /* libsimplePatchFinder.dylib */,
				140033202F3DF2D100716E4C /* simplePatchFinder-Test */,
			);
			name = Products;
			sourceTree = "<group>";
		};
		148AEF3F2F3B67F400EC836E /* Frameworks */ = {
			isa = PBXGroup;
			children = (
				140032FF2F3DF1C100716E4C /* libcapstone.a */,
			);
			name = Frameworks;
			sourceTree = "<group>";
		};
/* End PBXGroup section */

/* Begin PBXHeadersBuildPhase section */
		140033022F3DF24C00716E4C /* Headers */ = {
			isa = PBXHeadersBuildPhase;
			buildActionMask = 2147483647;
			files = (
			);
			runOnlyForDeploymentPostprocessing = 0;
		};
/* End PBXHeadersBuildPhase section */

/* Begin PBXNativeTarget section */
		140033052F3DF24C00716E4C /* simplePatchFinder */ = {
			isa = PBXNativeTarget;
			buildConfigurationList = 1400330C2F3DF24C00716E4C /* Build configuration list for PBXNativeTarget "simplePatchFinder" */;
			buildPhases = (
				140033022F3DF24C00716E4C /* Headers */,
				140033032F3DF24C00716E4C /* Sources */,
				140033042F3DF24C00716E4C /* Frameworks */,
			);
			buildRules = (
			);
			dependencies = (
			);
			name = simplePatchFinder;
			packageProductDependencies = (
			);
			productName = simplePatchFinder;
			productReference = 140033062F3DF24C00716E4C /* libsimplePatchFinder.dylib */;
			productType = "com.apple.product-type.library.dynamic";
		};
		1400331F2F3DF2D100716E4C /* simplePatchFinder-Test */ = {
			isa = PBXNativeTarget;
			buildConfigurationList = 140033242F3DF2D100716E4C /* Build configuration list for PBXNativeTarget "simplePatchFinder-Test" */;
			buildPhases = (
				1400331C2F3DF2D100716E4C /* Sources */,
				1400331D2F3DF2D100716E4C /* Frameworks */,
				1400331E2F3DF2D100716E4C /* CopyFiles */,
				1400332C2F3DF32800716E4C /* Embed Libraries */,
			);
			buildRules = (
			);
			dependencies = (
				1400332B2F3DF32800716E4C /* PBXTargetDependency */,
			);
			fileSystemSynchronizedGroups = (
				140033212F3DF2D100716E4C /* simplePatchFinder-Test */,
			);
			name = "simplePatchFinder-Test";
			packageProductDependencies = (
			);
			productName = "simplePatchFinder-Test";
			productReference = 140033202F3DF2D100716E4C /* simplePatchFinder-Test */;
			productType = "com.apple.product-type.tool";
		};
/* End PBXNativeTarget section */

/* Begin PBXProject section */
		148AEF292F3B58A500EC836E /* Project object */ = {
			isa = PBXProject;
			attributes = {
				BuildIndependentTargetsInParallel = 1;
				LastUpgradeCheck = 2600;
				TargetAttributes = {
					140033052F3DF24C00716E4C = {
						CreatedOnToolsVersion = 26.0.1;
					};
					1400331F2F3DF2D100716E4C = {
						CreatedOnToolsVersion = 26.0.1;
					};
				};
			};
			buildConfigurationList = 148AEF2C2F3B58A500EC836E /* Build configuration list for PBXProject "simplePatchFinder" */;
			developmentRegion = en;
			hasScannedForEncodings = 0;
			knownRegions = (
				en,
				Base,
			);
			mainGroup = 148AEF282F3B58A500EC836E;
			minimizedProjectReferenceProxies = 1;
			preferredProjectObjectVersion = 77;
			productRefGroup = 148AEF322F3B58A500EC836E /* Products */;
			projectDirPath = "";
			projectRoot = "";
			targets = (
				140033052F3DF24C00716E4C /* simplePatchFinder */,
				1400331F2F3DF2D100716E4C /* simplePatchFinder-Test */,
			);
		};
/* End PBXProject section */

/* Begin PBXSourcesBuildPhase section */
		140033032F3DF24C00716E4C /* Sources */ = {
			isa = PBXSourcesBuildPhase;
			buildActionMask = 2147483647;
			files = (
			);
			runOnlyForDeploymentPostprocessing = 0;
		};
		1400331C2F3DF2D100716E4C /* Sources */ = {
			isa = PBXSourcesBuildPhase;
			buildActionMask = 2147483647;
			files = (
			);
			runOnlyForDeploymentPostprocessing = 0;
		};
/* End PBXSourcesBuildPhase section */

/* Begin PBXTargetDependency section */
		1400332B2F3DF32800716E4C /* PBXTargetDependency */ = {
			isa = PBXTargetDependency;
			target = 140033052F3DF24C00716E4C /* simplePatchFinder */;
			targetProxy = 1400332A2F3DF32800716E4C /* PBXContainerItemProxy */;
		};
/* End PBXTargetDependency section */

/* Begin XCBuildConfiguration section */
		1400330D2F3DF24C00716E4C /* Debug */ = {
			isa = XCBuildConfiguration;
			buildSettings = {
				CODE_SIGN_STYLE = Automatic;
				DEVELOPMENT_TEAM = 3FC7C2PF4P;
				DYLIB_COMPATIBILITY_VERSION = 1;
				DYLIB_CURRENT_VERSION = 1;
				EXECUTABLE_PREFIX = lib;
				HEADER_SEARCH_PATHS = /usr/local/include;
				LIBRARY_SEARCH_PATHS = /usr/local/lib;
				PRODUCT_NAME = "$(TARGET_NAME)";
				SKIP_INSTALL = YES;
			};
			name = Debug;
		};
		1400330E2F3DF24C00716E4C /* Release */ = {
			isa = XCBuildConfiguration;
			buildSettings = {
				CODE_SIGN_STYLE = Automatic;
				DEVELOPMENT_TEAM = 3FC7C2PF4P;
				DYLIB_COMPATIBILITY_VERSION = 1;
				DYLIB_CURRENT_VERSION = 1;
				EXECUTABLE_PREFIX = lib;
				HEADER_SEARCH_PATHS = /usr/local/include;
				LIBRARY_SEARCH_PATHS = /usr/local/lib;
				PRODUCT_NAME = "$(TARGET_NAME)";
				SKIP_INSTALL = YES;
			};
			name = Release;
		};
		140033252F3DF2D100716E4C /* Debug */ = {
			isa = XCBuildConfiguration;
			buildSettings = {
				AUTOMATION_APPLE_EVENTS = NO;
				CODE_SIGN_STYLE = Automatic;
				DEVELOPMENT_TEAM = 3FC7C2PF4P;
				ENABLE_HARDENED_RUNTIME = YES;
				ENABLE_RESOURCE_ACCESS_AUDIO_INPUT = NO;
				ENABLE_RESOURCE_ACCESS_CALENDARS = NO;
				ENABLE_RESOURCE_ACCESS_CAMERA = NO;
				ENABLE_RESOURCE_ACCESS_CONTACTS = NO;
				ENABLE_RESOURCE_ACCESS_LOCATION = NO;
				ENABLE_RESOURCE_ACCESS_PHOTO_LIBRARY = NO;
				PRODUCT_NAME = "$(TARGET_NAME)";
				RUNTIME_EXCEPTION_ALLOW_DYLD_ENVIRONMENT_VARIABLES = NO;
				RUNTIME_EXCEPTION_ALLOW_JIT = NO;
				RUNTIME_EXCEPTION_ALLOW_UNSIGNED_EXECUTABLE_MEMORY = NO;
				RUNTIME_EXCEPTION_DEBUGGING_TOOL = NO;
				RUNTIME_EXCEPTION_DISABLE_EXECUTABLE_PAGE_PROTECTION = NO;
				RUNTIME_EXCEPTION_DISABLE_LIBRARY_VALIDATION = YES;
			};
			name = Debug;
		};
		140033262F3DF2D100716E4C /* Release */ = {
			isa = XCBuildConfiguration;
			buildSettings = {
				AUTOMATION_APPLE_EVENTS = NO;
				CODE_SIGN_STYLE = Automatic;
				DEVELOPMENT_TEAM = 3FC7C2PF4P;
				ENABLE_HARDENED_RUNTIME = YES;
				ENABLE_RESOURCE_ACCESS_AUDIO_INPUT = NO;
				ENABLE_RESOURCE_ACCESS_CALENDARS = NO;
				ENABLE_RESOURCE_ACCESS_CAMERA = NO;
				ENABLE_RESOURCE_ACCESS_CONTACTS = NO;
				ENABLE_RESOURCE_ACCESS_LOCATION = NO;
				ENABLE_RESOURCE_ACCESS_PHOTO_LIBRARY = NO;
				PRODUCT_NAME = "$(TARGET_NAME)";
				RUNTIME_EXCEPTION_ALLOW_DYLD_ENVIRONMENT_VARIABLES = NO;
				RUNTIME_EXCEPTION_ALLOW_JIT = NO;
				RUNTIME_EXCEPTION_ALLOW_UNSIGNED_EXECUTABLE_MEMORY = NO;
				RUNTIME_EXCEPTION_DEBUGGING_TOOL = NO;
				RUNTIME_EXCEPTION_DISABLE_EXECUTABLE_PAGE_PROTECTION = NO;
				RUNTIME_EXCEPTION_DISABLE_LIBRARY_VALIDATION = YES;
			};
			name = Release;
		};
		148AEF362F3B58A500EC836E /* Debug */ = {
			isa = XCBuildConfiguration;
			buildSettings = {
				ALWAYS_SEARCH_USER_PATHS = NO;
				ASSETCATALOG_COMPILER_GENERATE_SWIFT_ASSET_SYMBOL_EXTENSIONS = YES;
				CLANG_ANALYZER_NONNULL = YES;
				CLANG_ANALYZER_NUMBER_OBJECT_CONVERSION = YES_AGGRESSIVE;
				CLANG_CXX_LANGUAGE_STANDARD = "gnu++20";
				CLANG_ENABLE_MODULES = YES;
				CLANG_ENABLE_OBJC_ARC = YES;
				CLANG_ENABLE_OBJC_WEAK = YES;
				CLANG_WARN_BLOCK_CAPTURE_AUTORELEASING = YES;
				CLANG_WARN_BOOL_CONVERSION = YES;
				CLANG_WARN_COMMA = YES;
				CLANG_WARN_CONSTANT_CONVERSION = YES;
				CLANG_WARN_DEPRECATED_OBJC_IMPLEMENTATIONS = YES;
				CLANG_WARN_DIRECT_OBJC_ISA_USAGE = YES_ERROR;
				CLANG_WARN_DOCUMENTATION_COMMENTS = YES;
				CLANG_WARN_EMPTY_BODY = YES;
				CLANG_WARN_ENUM_CONVERSION = YES;
				CLANG_WARN_INFINITE_RECURSION = YES;
				CLANG_WARN_INT_CONVERSION = YES;
				CLANG_WARN_NON_LITERAL_NULL_CONVERSION = YES;
				CLANG_WARN_OBJC_IMPLICIT_RETAIN_SELF = YES;
				CLANG_WARN_OBJC_LITERAL_CONVERSION = YES;
				CLANG_WARN_OBJC_ROOT_CLASS = YES_ERROR;
				CLANG_WARN_QUOTED_INCLUDE_IN_FRAMEWORK_HEADER = YES;
				CLANG_WARN_RANGE_LOOP_ANALYSIS = YES;
				CLANG_WARN_STRICT_PROTOTYPES = YES;
				CLANG_WARN_SUSPICIOUS_MOVE = YES;
				CLANG_WARN_UNGUARDED_AVAILABILITY = YES_AGGRESSIVE;
				CLANG_WARN_UNREACHABLE_CODE = YES;
				CLANG_WARN__DUPLICATE_METHOD_MATCH = YES;
				COPY_PHASE_STRIP = NO;
				DEBUG_INFORMATION_FORMAT = dwarf;
				DEVELOPMENT_TEAM = 3FC7C2PF4P;
				ENABLE_STRICT_OBJC_MSGSEND = YES;
				ENABLE_TESTABILITY = YES;
				ENABLE_USER_SCRIPT_SANDBOXING = YES;
				GCC_C_LANGUAGE_STANDARD = gnu17;
				GCC_DYNAMIC_NO_PIC = NO;
				GCC_NO_COMMON_BLOCKS = YES;
				GCC_OPTIMIZATION_LEVEL = 0;
				GCC_PREPROCESSOR_DEFINITIONS = (
					"DEBUG=1",
					"$(inherited)",
				);
				GCC_WARN_64_TO_32_BIT_CONVERSION = YES;
				GCC_WARN_ABOUT_RETURN_TYPE = YES_ERROR;
				GCC_WARN_UNDECLARED_SELECTOR = YES;
				GCC_WARN_UNINITIALIZED_AUTOS = YES_AGGRESSIVE;
				GCC_WARN_UNUSED_FUNCTION = YES;
				GCC_WARN_UNUSED_VARIABLE = YES;
				LOCALIZATION_PREFERS_STRING_CATALOGS = YES;
				MACOSX_DEPLOYMENT_TARGET = 26.0;
				MTL_ENABLE_DEBUG_INFO = INCLUDE_SOURCE;
				MTL_FAST_MATH = YES;
				ONLY_ACTIVE_ARCH = YES;
				SDKROOT = macosx;
			};
			name = Debug;
		};
		148AEF372F3B58A500EC836E /* Release */ = {
			isa = XCBuildConfiguration;
			buildSettings = {
				ALWAYS_SEARCH_USER_PATHS = NO;
				ASSETCATALOG_COMPILER_GENERATE_SWIFT_ASSET_SYMBOL_EXTENSIONS = YES;
				CLANG_ANALYZER_NONNULL = YES;
				CLANG_ANALYZER_NUMBER_OBJECT_CONVERSION = YES_AGGRESSIVE;
				CLANG_CXX_LANGUAGE_STANDARD = "gnu++20";
				CLANG_ENABLE_MODULES = YES;
				CLANG_ENABLE_OBJC_ARC = YES;
				CLANG_ENABLE_OBJC_WEAK = YES;
				CLANG_WARN_BLOCK_CAPTURE_AUTORELEASING = YES;
				CLANG_WARN_BOOL_CONVERSION = YES;
				CLANG_WARN_COMMA = YES;
				CLANG_WARN_CONSTANT_CONVERSION = YES;
				CLANG_WARN_DEPRECATED_OBJC_IMPLEMENTATIONS = YES;
				CLANG_WARN_DIRECT_OBJC_ISA_USAGE = YES_ERROR;
				CLANG_WARN_DOCUMENTATION_COMMENTS = YES;
				CLANG_WARN_EMPTY_BODY = YES;
				CLANG_WARN_ENUM_CONVERSION = YES;
				CLANG_WARN_INFINITE_RECURSION = YES;
				CLANG_WARN_INT_CONVERSION = YES;
				CLANG_WARN_NON_LITERAL_NULL_CONVERSION = YES;
				CLANG_WARN_OBJC_IMPLICIT_RETAIN_SELF = YES;
				CLANG_WARN_OBJC_LITERAL_CONVERSION = YES;
				CLANG_WARN_OBJC_ROOT_CLASS = YES_ERROR;
				CLANG_WARN_QUOTED_INCLUDE_IN_FRAMEWORK_HEADER = YES;
				CLANG_WARN_RANGE_LOOP_ANALYSIS = YES;
				CLANG_WARN_STRICT_PROTOTYPES = YES;
				CLANG_WARN_SUSPICIOUS_MOVE = YES;
				CLANG_WARN_UNGUARDED_AVAILABILITY = YES_AGGRESSIVE;
				CLANG_WARN_UNREACHABLE_CODE = YES;
				CLANG_WARN__DUPLICATE_METHOD_MATCH = YES;
				COPY_PHASE_STRIP = NO;
				DEBUG_INFORMATION_FORMAT = "dwarf-with-dsym";
				DEVELOPMENT_TEAM = 3FC7C2PF4P;
				ENABLE_NS_ASSERTIONS = NO;
				ENABLE_STRICT_OBJC_MSGSEND = YES;
				ENABLE_USER_SCRIPT_SANDBOXING = YES;
				GCC_C_LANGUAGE_STANDARD = gnu17;
				GCC_NO_COMMON_BLOCKS = YES;
				GCC_WARN_64_TO_32_BIT_CONVERSION = YES;
				GCC_WARN_ABOUT_RETURN_TYPE = YES_ERROR;
				GCC_WARN_UNDECLARED_SELECTOR = YES;
				GCC_WARN_UNINITIALIZED_AUTOS = YES_AGGRESSIVE;
				GCC_WARN_UNUSED_FUNCTION = YES;
				GCC_WARN_UNUSED_VARIABLE = YES;
				LOCALIZATION_PREFERS_STRING_CATALOGS = YES;
				MACOSX_DEPLOYMENT_TARGET = 26.0;
				MTL_ENABLE_DEBUG_INFO = NO;
				MTL_FAST_MATH = YES;
				SDKROOT = macosx;
			};
			name = Release;
		};
/* End XCBuildConfiguration section */

/* Begin XCConfigurationList section */
		1400330C2F3DF24C00716E4C /* Build configuration list for PBXNativeTarget "simplePatchFinder" */ = {
			isa = XCConfigurationList;
			buildConfigurations = (
				1400330D2F3DF24C00716E4C /* Debug */,
				1400330E2F3DF24C00716E4C /* Release */,
			);
			defaultConfigurationIsVisible = 0;
			defaultConfigurationName = Release;
		};
		140033242F3DF2D100716E4C /* Build configuration list for PBXNativeTarget "simplePatchFinder-Test" */ = {
			isa = XCConfigurationList;
			buildConfigurations = (
				140033252F3DF2D100716E4C /* Debug */,
				140033262F3DF2D100716E4C /* Release */,
			);
			defaultConfigurationIsVisible = 0;
			defaultConfigurationName = Release;
		};
		148AEF2C2F3B58A500EC836E /* Build configuration list for PBXProject "simplePatchFinder" */ = {
			isa = XCConfigurationList;
			buildConfigurations = (
				148AEF362F3B58A500EC836E /* Debug */,
				148AEF372F3B58A500EC836E /* Release */,
			);
			defaultConfigurationIsVisible = 0;
			defaultConfigurationName = Release;
		};
/* End XCConfigurationList section */
	};
	rootObject = 148AEF292F3B58A500EC836E /* Project object */;
}
